// !$*UTF8*$!
{
	archiveVersion = 1;
	classes = {
	};
	objectVersion = 46;
	objects = {

/* Begin PBXBuildFile section */
		217ED5611C5FC42300B42808 /* AppDelegate.swift in Sources */ = {isa = PBXBuildFile; fileRef = 217ED5601C5FC42300B42808 /* AppDelegate.swift */; };
		217ED5661C5FC42300B42808 /* Main.storyboard in Resources */ = {isa = PBXBuildFile; fileRef = 217ED5641C5FC42300B42808 /* Main.storyboard */; };
		217ED5681C5FC42300B42808 /* Assets.xcassets in Resources */ = {isa = PBXBuildFile; fileRef = 217ED5671C5FC42300B42808 /* Assets.xcassets */; };
		217ED56B1C5FC42300B42808 /* LaunchScreen.storyboard in Resources */ = {isa = PBXBuildFile; fileRef = 217ED5691C5FC42300B42808 /* LaunchScreen.storyboard */; };
		217ED5731C5FC4AD00B42808 /* MoviesViewController.swift in Sources */ = {isa = PBXBuildFile; fileRef = 217ED5721C5FC4AD00B42808 /* MoviesViewController.swift */; };
		217ED5761C5FD01200B42808 /* MovieCell.swift in Sources */ = {isa = PBXBuildFile; fileRef = 217ED5751C5FD01200B42808 /* MovieCell.swift */; };
		21C687C31C6721E800CA1335 /* MovieSelected.swift in Sources */ = {isa = PBXBuildFile; fileRef = 21C687C21C6721E800CA1335 /* MovieSelected.swift */; };
		CC3A03F12DC51385FF96F00A /* Pods_MovieViewer.framework in Frameworks */ = {isa = PBXBuildFile; fileRef = BA9262DE46064632AD143AB6 /* Pods_MovieViewer.framework */; };
/* End PBXBuildFile section */

/* Begin PBXFileReference section */
		217ED55D1C5FC42300B42808 /* MovieViewer.app */ = {isa = PBXFileReference; explicitFileType = wrapper.application; includeInIndex = 0; path = MovieViewer.app; sourceTree = BUILT_PRODUCTS_DIR; };
		217ED5601C5FC42300B42808 /* AppDelegate.swift */ = {isa = PBXFileReference; lastKnownFileType = sourcecode.swift; path = AppDelegate.swift; sourceTree = "<group>"; };
		217ED5651C5FC42300B42808 /* Base */ = {isa = PBXFileReference; lastKnownFileType = file.storyboard; name = Base; path = Base.lproj/Main.storyboard; sourceTree = "<group>"; };
		217ED5671C5FC42300B42808 /* Assets.xcassets */ = {isa = PBXFileReference; lastKnownFileType = folder.assetcatalog; path = Assets.xcassets; sourceTree = "<group>"; };
		217ED56A1C5FC42300B42808 /* Base */ = {isa = PBXFileReference; lastKnownFileType = file.storyboard; name = Base; path = Base.lproj/LaunchScreen.storyboard; sourceTree = "<group>"; };
		217ED56C1C5FC42300B42808 /* Info.plist */ = {isa = PBXFileReference; lastKnownFileType = text.plist.xml; path = Info.plist; sourceTree = "<group>"; };
		217ED5721C5FC4AD00B42808 /* MoviesViewController.swift */ = {isa = PBXFileReference; fileEncoding = 4; lastKnownFileType = sourcecode.swift; path = MoviesViewController.swift; sourceTree = "<group>"; };
		217ED5751C5FD01200B42808 /* MovieCell.swift */ = {isa = PBXFileReference; fileEncoding = 4; lastKnownFileType = sourcecode.swift; path = MovieCell.swift; sourceTree = "<group>"; };
		21C687C21C6721E800CA1335 /* MovieSelected.swift */ = {isa = PBXFileReference; fileEncoding = 4; lastKnownFileType = sourcecode.swift; path = MovieSelected.swift; sourceTree = "<group>"; };
		BA9262DE46064632AD143AB6 /* Pods_MovieViewer.framework */ = {isa = PBXFileReference; explicitFileType = wrapper.framework; includeInIndex = 0; path = Pods_MovieViewer.framework; sourceTree = BUILT_PRODUCTS_DIR; };
		EF58B1AAB43A1A89D3A5A46E /* Pods-MovieViewer.debug.xcconfig */ = {isa = PBXFileReference; includeInIndex = 1; lastKnownFileType = text.xcconfig; name = "Pods-MovieViewer.debug.xcconfig"; path = "Pods/Target Support Files/Pods-MovieViewer/Pods-MovieViewer.debug.xcconfig"; sourceTree = "<group>"; };
		F363D4F077AB833478EFF428 /* Pods-MovieViewer.release.xcconfig */ = {isa = PBXFileReference; includeInIndex = 1; lastKnownFileType = text.xcconfig; name = "Pods-MovieViewer.release.xcconfig"; path = "Pods/Target Support Files/Pods-MovieViewer/Pods-MovieViewer.release.xcconfig"; sourceTree = "<group>"; };
/* End PBXFileReference section */

/* Begin PBXFrameworksBuildPhase section */
		217ED55A1C5FC42300B42808 /* Frameworks */ = {
			isa = PBXFrameworksBuildPhase;
			buildActionMask = 2147483647;
			files = (
				CC3A03F12DC51385FF96F00A /* Pods_MovieViewer.framework in Frameworks */,
			);
			runOnlyForDeploymentPostprocessing = 0;
		};
/* End PBXFrameworksBuildPhase section */

/* Begin PBXGroup section */
		0C4344191DD1B783F73BD1E5 /* Pods */ = {
			isa = PBXGroup;
			children = (
				EF58B1AAB43A1A89D3A5A46E /* Pods-MovieViewer.debug.xcconfig */,
				F363D4F077AB833478EFF428 /* Pods-MovieViewer.release.xcconfig */,
			);
			name = Pods;
			sourceTree = "<group>";
		};
		217ED5541C5FC42300B42808 = {
			isa = PBXGroup;
			children = (
				217ED55F1C5FC42300B42808 /* MovieViewer */,
				217ED55E1C5FC42300B42808 /* Products */,
				0C4344191DD1B783F73BD1E5 /* Pods */,
				39155C836B89B77738ADE16B /* Frameworks */,
			);
			sourceTree = "<group>";
		};
		217ED55E1C5FC42300B42808 /* Products */ = {
			isa = PBXGroup;
			children = (
				217ED55D1C5FC42300B42808 /* MovieViewer.app */,
			);
			name = Products;
			sourceTree = "<group>";
		};
		217ED55F1C5FC42300B42808 /* MovieViewer */ = {
			isa = PBXGroup;
			children = (
				217ED5771C5FD03200B42808 /* View Controllers */,
				217ED5741C5FCE4A00B42808 /* Views */,
				217ED5601C5FC42300B42808 /* AppDelegate.swift */,
				217ED5641C5FC42300B42808 /* Main.storyboard */,
				217ED5671C5FC42300B42808 /* Assets.xcassets */,
				217ED5691C5FC42300B42808 /* LaunchScreen.storyboard */,
				217ED56C1C5FC42300B42808 /* Info.plist */,
			);
			path = MovieViewer;
			sourceTree = "<group>";
		};
		217ED5741C5FCE4A00B42808 /* Views */ = {
			isa = PBXGroup;
			children = (
				217ED5751C5FD01200B42808 /* MovieCell.swift */,
			);
			name = Views;
			sourceTree = "<group>";
		};
		217ED5771C5FD03200B42808 /* View Controllers */ = {
			isa = PBXGroup;
			children = (
				217ED5721C5FC4AD00B42808 /* MoviesViewController.swift */,
				21C687C21C6721E800CA1335 /* MovieSelected.swift */,
			);
			name = "View Controllers";
			sourceTree = "<group>";
		};
		39155C836B89B77738ADE16B /* Frameworks */ = {
			isa = PBXGroup;
			children = (
				BA9262DE46064632AD143AB6 /* Pods_MovieViewer.framework */,
			);
			name = Frameworks;
			sourceTree = "<group>";
		};
/* End PBXGroup section */

/* Begin PBXNativeTarget section */
		217ED55C1C5FC42300B42808 /* MovieViewer */ = {
			isa = PBXNativeTarget;
			buildConfigurationList = 217ED56F1C5FC42300B42808 /* Build configuration list for PBXNativeTarget "MovieViewer" */;
			buildPhases = (
				24B8090D6DEB3F78D7C3E872 /* Check Pods Manifest.lock */,
				217ED5591C5FC42300B42808 /* Sources */,
				217ED55A1C5FC42300B42808 /* Frameworks */,
				217ED55B1C5FC42300B42808 /* Resources */,
				0DC71CC68ED13831DD7DB2B5 /* Embed Pods Frameworks */,
				FD5FB223A43BC99F2D53FF4D /* Copy Pods Resources */,
			);
			buildRules = (
			);
			dependencies = (
			);
			name = MovieViewer;
			productName = MovieViewer;
			productReference = 217ED55D1C5FC42300B42808 /* MovieViewer.app */;
			productType = "com.apple.product-type.application";
		};
/* End PBXNativeTarget section */

/* Begin PBXProject section */
		217ED5551C5FC42300B42808 /* Project object */ = {
			isa = PBXProject;
			attributes = {
				LastSwiftUpdateCheck = 0720;
				LastUpgradeCheck = 0720;
				ORGANIZATIONNAME = "Nisarga Patel";
				TargetAttributes = {
					217ED55C1C5FC42300B42808 = {
						CreatedOnToolsVersion = 7.2;
					};
				};
			};
			buildConfigurationList = 217ED5581C5FC42300B42808 /* Build configuration list for PBXProject "MovieViewer" */;
			compatibilityVersion = "Xcode 3.2";
			developmentRegion = English;
			hasScannedForEncodings = 0;
			knownRegions = (
				en,
				Base,
			);
			mainGroup = 217ED5541C5FC42300B42808;
			productRefGroup = 217ED55E1C5FC42300B42808 /* Products */;
			projectDirPath = "";
			projectRoot = "";
			targets = (
				217ED55C1C5FC42300B42808 /* MovieViewer */,
			);
		};
/* End PBXProject section */

/* Begin PBXResourcesBuildPhase section */
		217ED55B1C5FC42300B42808 /* Resources */ = {
			isa = PBXResourcesBuildPhase;
			buildActionMask = 2147483647;
			files = (
				217ED56B1C5FC42300B42808 /* LaunchScreen.storyboard in Resources */,
				217ED5681C5FC42300B42808 /* Assets.xcassets in Resources */,
				217ED5661C5FC42300B42808 /* Main.storyboard in Resources */,
			);
			runOnlyForDeploymentPostprocessing = 0;
		};
/* End PBXResourcesBuildPhase section */

/* Begin PBXShellScriptBuildPhase section */
		0DC71CC68ED13831DD7DB2B5 /* Embed Pods Frameworks */ = {
			isa = PBXShellScriptBuildPhase;
			buildActionMask = 2147483647;
			files = (
			);
			inputPaths = (
			);
			name = "Embed Pods Frameworks";
			outputPaths = (
			);
			runOnlyForDeploymentPostprocessing = 0;
			shellPath = /bin/sh;
			shellScript = "\"${SRCROOT}/Pods/Target Support Files/Pods-MovieViewer/Pods-MovieViewer-frameworks.sh\"\n";
			showEnvVarsInLog = 0;
		};
		24B8090D6DEB3F78D7C3E872 /* Check Pods Manifest.lock */ = {
			isa = PBXShellScriptBuildPhase;
			buildActionMask = 2147483647;
			files = (
			);
			inputPaths = (
			);
			name = "Check Pods Manifest.lock";
			outputPaths = (
			);
			runOnlyForDeploymentPostprocessing = 0;
			shellPath = /bin/sh;
			shellScript = "diff \"${PODS_ROOT}/../Podfile.lock\" \"${PODS_ROOT}/Manifest.lock\" > /dev/null\nif [[ $? != 0 ]] ; then\n    cat << EOM\nerror: The sandbox is not in sync with the Podfile.lock. Run 'pod install' or update your CocoaPods installation.\nEOM\n    exit 1\nfi\n";
			showEnvVarsInLog = 0;
		};
		FD5FB223A43BC99F2D53FF4D /* Copy Pods Resources */ = {
			isa = PBXShellScriptBuildPhase;
			buildActionMask = 2147483647;
			files = (
			);
			inputPaths = (
			);
			name = "Copy Pods Resources";
			outputPaths = (
			);
			runOnlyForDeploymentPostprocessing = 0;
			shellPath = /bin/sh;
			shellScript = "\"${SRCROOT}/Pods/Target Support Files/Pods-MovieViewer/Pods-MovieViewer-resources.sh\"\n";
			showEnvVarsInLog = 0;
		};
/* End PBXShellScriptBuildPhase section */

/* Begin PBXSourcesBuildPhase section */
		217ED5591C5FC42300B42808 /* Sources */ = {
			isa = PBXSourcesBuildPhase;
			buildActionMask = 2147483647;
			files = (
				217ED5611C5FC42300B42808 /* AppDelegate.swift in Sources */,
				217ED5731C5FC4AD00B42808 /* MoviesViewController.swift in Sources */,
				217ED5761C5FD01200B42808 /* MovieCell.swift in Sources */,
				21C687C31C6721E800CA1335 /* MovieSelected.swift in Sources */,
			);
			runOnlyForDeploymentPostprocessing = 0;
		};
/* End PBXSourcesBuildPhase section */

/* Begin PBXVariantGroup section */
		217ED5641C5FC42300B42808 /* Main.storyboard */ = {
			isa = PBXVariantGroup;
			children = (
				217ED5651C5FC42300B42808 /* Base */,
			);
			name = Main.storyboard;
			sourceTree = "<group>";
		};
		217ED5691C5FC42300B42808 /* LaunchScreen.storyboard */ = {
			isa = PBXVariantGroup;
			children = (
				217ED56A1C5FC42300B42808 /* Base */,
			);
			name = LaunchScreen.storyboard;
			sourceTree = "<group>";
		};
/* End PBXVariantGroup section */

/* Begin XCBuildConfiguration section */
		217ED56D1C5FC42300B42808 /* Debug */ = {
			isa = XCBuildConfiguration;
			buildSettings = {
				ALWAYS_SEARCH_USER_PATHS = NO;
				CLANG_CXX_LANGUAGE_STANDARD = "gnu++0x";
				CLANG_CXX_LIBRARY = "libc++";
				CLANG_ENABLE_MODULES = YES;
				CLANG_ENABLE_OBJC_ARC = YES;
				CLANG_WARN_BOOL_CONVERSION = YES;
				CLANG_WARN_CONSTANT_CONVERSION = YES;
				CLANG_WARN_DIRECT_OBJC_ISA_USAGE = YES_ERROR;
				CLANG_WARN_EMPTY_BODY = YES;
				CLANG_WARN_ENUM_CONVERSION = YES;
				CLANG_WARN_INT_CONVERSION = YES;
				CLANG_WARN_OBJC_ROOT_CLASS = YES_ERROR;
				CLANG_WARN_UNREACHABLE_CODE = YES;
				CLANG_WARN__DUPLICATE_METHOD_MATCH = YES;
				"CODE_SIGN_IDENTITY[sdk=iphoneos*]" = "iPhone Developer";
				COPY_PHASE_STRIP = NO;
				DEBUG_INFORMATION_FORMAT = dwarf;
				ENABLE_STRICT_OBJC_MSGSEND = YES;
				ENABLE_TESTABILITY = YES;
				GCC_C_LANGUAGE_STANDARD = gnu99;
				GCC_DYNAMIC_NO_PIC = NO;
				GCC_NO_COMMON_BLOCKS = YES;
				GCC_OPTIMIZATION_LEVEL = 0;
				GCC_PREPROCESSOR_DEFINITIONS = (
					"DEBUG=1",
					"$(inherited)",
				);
				GCC_WARN_64_TO_32_BIT_CONVERSION = YES;
				GCC_WARN_ABOUT_RETURN_TYPE = YES_ERROR;
				GCC_WARN_UNDECLARED_SELECTOR = YES;
				GCC_WARN_UNINITIALIZED_AUTOS = YES_AGGRESSIVE;
				GCC_WARN_UNUSED_FUNCTION = YES;
				GCC_WARN_UNUSED_VARIABLE = YES;
				IPHONEOS_DEPLOYMENT_TARGET = 9.2;
				MTL_ENABLE_DEBUG_INFO = YES;
				ONLY_ACTIVE_ARCH = YES;
				SDKROOT = iphoneos;
				SWIFT_OPTIMIZATION_LEVEL = "-Onone";
			};
			name = Debug;
		};
		217ED56E1C5FC42300B42808 /* Release */ = {
			isa = XCBuildConfiguration;
			buildSettings = {
				ALWAYS_SEARCH_USER_PATHS = NO;
				CLANG_CXX_LANGUAGE_STANDARD = "gnu++0x";
				CLANG_CXX_LIBRARY = "libc++";
				CLANG_ENABLE_MODULES = YES;
				CLANG_ENABLE_OBJC_ARC = YES;
				CLANG_WARN_BOOL_CONVERSION = YES;
				CLANG_WARN_CONSTANT_CONVERSION = YES;
				CLANG_WARN_DIRECT_OBJC_ISA_USAGE = YES_ERROR;
				CLANG_WARN_EMPTY_BODY = YES;
				CLANG_WARN_ENUM_CONVERSION = YES;
				CLANG_WARN_INT_CONVERSION = YES;
				CLANG_WARN_OBJC_ROOT_CLASS = YES_ERROR;
				CLANG_WARN_UNREACHABLE_CODE = YES;
				CLANG_WARN__DUPLICATE_METHOD_MATCH = YES;
				"CODE_SIGN_IDENTITY[sdk=iphoneos*]" = "iPhone Developer";
				COPY_PHASE_STRIP = NO;
				DEBUG_INFORMATION_FORMAT = "dwarf-with-dsym";
				ENABLE_NS_ASSERTIONS = NO;
				ENABLE_STRICT_OBJC_MSGSEND = YES;
				GCC_C_LANGUAGE_STANDARD = gnu99;
				GCC_NO_COMMON_BLOCKS = YES;
				GCC_WARN_64_TO_32_BIT_CONVERSION = YES;
				GCC_WARN_ABOUT_RETURN_TYPE = YES_ERROR;
				GCC_WARN_UNDECLARED_SELECTOR = YES;
				GCC_WARN_UNINITIALIZED_AUTOS = YES_AGGRESSIVE;
				GCC_WARN_UNUSED_FUNCTION = YES;
				GCC_WARN_UNUSED_VARIABLE = YES;
				IPHONEOS_DEPLOYMENT_TARGET = 9.2;
				MTL_ENABLE_DEBUG_INFO = NO;
				SDKROOT = iphoneos;
				VALIDATE_PRODUCT = YES;
			};
			name = Release;
		};
		217ED5701C5FC42300B42808 /* Debug */ = {
			isa = XCBuildConfiguration;
			baseConfigurationReference = EF58B1AAB43A1A89D3A5A46E /* Pods-MovieViewer.debug.xcconfig */;
			buildSettings = {
				ASSETCATALOG_COMPILER_APPICON_NAME = AppIcon;
				INFOPLIST_FILE = MovieViewer/Info.plist;
				LD_RUNPATH_SEARCH_PATHS = "$(inherited) @executable_path/Frameworks";
				PRODUCT_BUNDLE_IDENTIFIER = codepath.MovieViewer;
				PRODUCT_NAME = "$(TARGET_NAME)";
			};
			name = Debug;
		};
		217ED5711C5FC42300B42808 /* Release */ = {
			isa = XCBuildConfiguration;
			baseConfigurationReference = F363D4F077AB833478EFF428 /* Pods-MovieViewer.release.xcconfig */;
			buildSettings = {
				ASSETCATALOG_COMPILER_APPICON_NAME = AppIcon;
				INFOPLIST_FILE = MovieViewer/Info.plist;
				LD_RUNPATH_SEARCH_PATHS = "$(inherited) @executable_path/Frameworks";
				PRODUCT_BUNDLE_IDENTIFIER = codepath.MovieViewer;
				PRODUCT_NAME = "$(TARGET_NAME)";
			};
			name = Release;
		};
/* End XCBuildConfiguration section */

/* Begin XCConfigurationList section */
		217ED5581C5FC42300B42808 /* Build configuration list for PBXProject "MovieViewer" */ = {
			isa = XCConfigurationList;
			buildConfigurations = (
				217ED56D1C5FC42300B42808 /* Debug */,
				217ED56E1C5FC42300B42808 /* Release */,
			);
			defaultConfigurationIsVisible = 0;
			defaultConfigurationName = Release;
		};
		217ED56F1C5FC42300B42808 /* Build configuration list for PBXNativeTarget "MovieViewer" */ = {
			isa = XCConfigurationList;
			buildConfigurations = (
				217ED5701C5FC42300B42808 /* Debug */,
				217ED5711C5FC42300B42808 /* Release */,
			);
			defaultConfigurationIsVisible = 0;
			defaultConfigurationName = Release;
		};
/* End XCConfigurationList section */
	};
	rootObject = 217ED5551C5FC42300B42808 /* Project object */;
}
